
Microsoft Visual Studio Solution File, Format Version 12.00
# Visual Studio 15
VisualStudioVersion = 15.0.27130.2027
MinimumVisualStudioVersion = 10.0.40219.1
Project("{8BC9CEB8-8B4A-11D0-8D11-00A0C91BC942}") = "cefmfcdemo", "cefmfcdemo\cefmfcdemo.vcxproj", "{ACE086BF-E86E-4A89-A5BE-6EEB0454C88F}"
	ProjectSection(ProjectDependencies) = postProject
		{2715F06A-FCB2-3732-875C-BA2310756120} = {2715F06A-FCB2-3732-875C-BA2310756120}
	EndProjectSection
EndProject
Project("{8BC9CEB8-8B4A-11D0-8D11-00A0C91BC942}") = "libcef_dll_wrapper", "libcef_dll_wrapper\libcef_dll_wrapper.vcxproj", "{2715F06A-FCB2-3732-875C-BA2310756120}"
EndProject
Global
	GlobalSection(SolutionConfigurationPlatforms) = preSolution
		Debug|x64 = Debug|x64
		Debug|x86 = Debug|x86
		Release|x64 = Release|x64
		Release|x86 = Release|x86
	EndGlobalSection
	GlobalSection(ProjectConfigurationPlatforms) = postSolution
		{ACE086BF-E86E-4A89-A5BE-6EEB0454C88F}.Debug|x64.ActiveCfg = Debug|x64
		{ACE086BF-E86E-4A89-A5BE-6EEB0454C88F}.Debug|x64.Build.0 = Debug|x64
		{ACE086BF-E86E-4A89-A5BE-6EEB0454C88F}.Debug|x86.ActiveCfg = Debug|Win32
		{ACE086BF-E86E-4A89-A5BE-6EEB0454C88F}.Debug|x86.Build.0 = Debug|Win32
		{ACE086BF-E86E-4A89-A5BE-6EEB0454C88F}.Release|x64.ActiveCfg = Release|x64
		{ACE086BF-E86E-4A89-A5BE-6EEB0454C88F}.Release|x64.Build.0 = Release|x64
		{ACE086BF-E86E-4A89-A5BE-6EEB0454C88F}.Release|x86.ActiveCfg = Release|Win32
		{ACE086BF-E86E-4A89-A5BE-6EEB0454C88F}.Release|x86.Build.0 = Release|Win32
		{2715F06A-FCB2-3732-875C-BA2310756120}.Debug|x64.ActiveCfg = Debug|x64
		{2715F06A-FCB2-3732-875C-BA2310756120}.Debug|x64.Build.0 = Debug|x64
		{2715F06A-FCB2-3732-875C-BA2310756120}.Debug|x86.ActiveCfg = Debug|Win32
		{2715F06A-FCB2-3732-875C-BA2310756120}.Debug|x86.Build.0 = Debug|Win32
		{2715F06A-FCB2-3732-875C-BA2310756120}.Release|x64.ActiveCfg = Release|x64
		{2715F06A-FCB2-3732-875C-BA2310756120}.Release|x64.Build.0 = Release|x64
		{2715F06A-FCB2-3732-875C-BA2310756120}.Release|x86.ActiveCfg = Release|Win32
		{2715F06A-FCB2-3732-875C-BA2310756120}.Release|x86.Build.0 = Release|Win32
	EndGlobalSection
	GlobalSection(SolutionProperties) = preSolution
		HideSolutionNode = FALSE
	EndGlobalSection
	GlobalSection(ExtensibilityGlobals) = postSolution
		SolutionGuid = {D9AC7F88-8C60-4E2D-9B73-21B74DDFDC34}
	EndGlobalSection
EndGlobal
